// !$*UTF8*$!
{
	archiveVersion = 1;
	classes = {
	};
	objectVersion = 46;
	objects = {

/* Begin PBXBuildFile section */
		184CC5CD1DB9E4BC00AA61CD /* EEHomeController.swift in Sources */ = {isa = PBXBuildFile; fileRef = 184CC5CC1DB9E4BC00AA61CD /* EEHomeController.swift */; };
		184CC5D61DB9E4D300AA61CD /* EEMineController.swift in Sources */ = {isa = PBXBuildFile; fileRef = 184CC5D51DB9E4D300AA61CD /* EEMineController.swift */; };
		184CC5D91DB9E5D400AA61CD /* ECBriefProtocol.swift in Sources */ = {isa = PBXBuildFile; fileRef = 184CC5D81DB9E5D400AA61CD /* ECBriefProtocol.swift */; };
		184CC5DB1DB9E6FE00AA61CD /* ECBriefCell.swift in Sources */ = {isa = PBXBuildFile; fileRef = 184CC5DA1DB9E6FE00AA61CD /* ECBriefCell.swift */; };
		184CC5DF1DB9EAE500AA61CD /* ECUser.swift in Sources */ = {isa = PBXBuildFile; fileRef = 184CC5DE1DB9EAE500AA61CD /* ECUser.swift */; };
		185E8CB51DB8C32700EF6587 /* AppDelegate.swift in Sources */ = {isa = PBXBuildFile; fileRef = 185E8CB41DB8C32700EF6587 /* AppDelegate.swift */; };
		185E8CBA1DB8C32700EF6587 /* Main.storyboard in Resources */ = {isa = PBXBuildFile; fileRef = 185E8CB81DB8C32700EF6587 /* Main.storyboard */; };
		185E8CBD1DB8C32700EF6587 /* EarlyEducation.xcdatamodeld in Sources */ = {isa = PBXBuildFile; fileRef = 185E8CBB1DB8C32700EF6587 /* EarlyEducation.xcdatamodeld */; };
		185E8CBF1DB8C32700EF6587 /* Assets.xcassets in Resources */ = {isa = PBXBuildFile; fileRef = 185E8CBE1DB8C32700EF6587 /* Assets.xcassets */; };
		185E8CC21DB8C32700EF6587 /* LaunchScreen.storyboard in Resources */ = {isa = PBXBuildFile; fileRef = 185E8CC01DB8C32700EF6587 /* LaunchScreen.storyboard */; };
		185E8CCD1DB8C32700EF6587 /* EarlyEducationTests.swift in Sources */ = {isa = PBXBuildFile; fileRef = 185E8CCC1DB8C32700EF6587 /* EarlyEducationTests.swift */; };
		185E8CD81DB8C32700EF6587 /* EarlyEducationUITests.swift in Sources */ = {isa = PBXBuildFile; fileRef = 185E8CD71DB8C32700EF6587 /* EarlyEducationUITests.swift */; };
		185E8CEF1DB8C82100EF6587 /* EECenterViewController.swift in Sources */ = {isa = PBXBuildFile; fileRef = 185E8CEE1DB8C82100EF6587 /* EECenterViewController.swift */; };
		18603C201DC080BA00FBAD16 /* NetworkService.swift in Sources */ = {isa = PBXBuildFile; fileRef = 18603C1F1DC080BA00FBAD16 /* NetworkService.swift */; };
		18603C211DC080BA00FBAD16 /* NetworkService.swift in Sources */ = {isa = PBXBuildFile; fileRef = 18603C1F1DC080BA00FBAD16 /* NetworkService.swift */; };
		18CFD0231DC1D4220048B481 /* NetworkServiceTests.swift in Sources */ = {isa = PBXBuildFile; fileRef = 18CFD0221DC1D4220048B481 /* NetworkServiceTests.swift */; };
		18CFD0251DC1D8B90048B481 /* XCTest.framework in Frameworks */ = {isa = PBXBuildFile; fileRef = 18CFD0241DC1D8B90048B481 /* XCTest.framework */; };
		34199D1591B72E7BCD1A8CBF /* Pods_EarlyEducationUITests.framework in Frameworks */ = {isa = PBXBuildFile; fileRef = 6EF732EBF6E063D46DB74F8C /* Pods_EarlyEducationUITests.framework */; };
		6237425C225FA33E6677B72E /* Pods_EarlyEducation.framework in Frameworks */ = {isa = PBXBuildFile; fileRef = 6FBD398547333BE54786D665 /* Pods_EarlyEducation.framework */; };
		EE9F2AA2D54AA3E02C12F69A /* Pods_EarlyEducationTests.framework in Frameworks */ = {isa = PBXBuildFile; fileRef = AA760F95BFB9D9A8E518081E /* Pods_EarlyEducationTests.framework */; };
/* End PBXBuildFile section */

/* Begin PBXContainerItemProxy section */
		185E8CC91DB8C32700EF6587 /* PBXContainerItemProxy */ = {
			isa = PBXContainerItemProxy;
			containerPortal = 185E8CA91DB8C32700EF6587 /* Project object */;
			proxyType = 1;
			remoteGlobalIDString = 185E8CB01DB8C32700EF6587;
			remoteInfo = EarlyEducation;
		};
		185E8CD41DB8C32700EF6587 /* PBXContainerItemProxy */ = {
			isa = PBXContainerItemProxy;
			containerPortal = 185E8CA91DB8C32700EF6587 /* Project object */;
			proxyType = 1;
			remoteGlobalIDString = 185E8CB01DB8C32700EF6587;
			remoteInfo = EarlyEducation;
		};
/* End PBXContainerItemProxy section */

/* Begin PBXCopyFilesBuildPhase section */
		185E8D0D1DB8CBE400EF6587 /* Embed Frameworks */ = {
			isa = PBXCopyFilesBuildPhase;
			buildActionMask = 2147483647;
			dstPath = "";
			dstSubfolderSpec = 10;
			files = (
			);
			name = "Embed Frameworks";
			runOnlyForDeploymentPostprocessing = 0;
		};
/* End PBXCopyFilesBuildPhase section */

/* Begin PBXFileReference section */
		0B932F48F7D1B3C7A806C6BD /* Pods-EarlyEducation.debug.xcconfig */ = {isa = PBXFileReference; includeInIndex = 1; lastKnownFileType = text.xcconfig; name = "Pods-EarlyEducation.debug.xcconfig"; path = "Pods/Target Support Files/Pods-EarlyEducation/Pods-EarlyEducation.debug.xcconfig"; sourceTree = "<group>"; };
		184CC5CC1DB9E4BC00AA61CD /* EEHomeController.swift */ = {isa = PBXFileReference; fileEncoding = 4; lastKnownFileType = sourcecode.swift; path = EEHomeController.swift; sourceTree = "<group>"; };
		184CC5D51DB9E4D300AA61CD /* EEMineController.swift */ = {isa = PBXFileReference; fileEncoding = 4; lastKnownFileType = sourcecode.swift; path = EEMineController.swift; sourceTree = "<group>"; };
		184CC5D81DB9E5D400AA61CD /* ECBriefProtocol.swift */ = {isa = PBXFileReference; fileEncoding = 4; lastKnownFileType = sourcecode.swift; path = ECBriefProtocol.swift; sourceTree = "<group>"; };
		184CC5DA1DB9E6FE00AA61CD /* ECBriefCell.swift */ = {isa = PBXFileReference; fileEncoding = 4; lastKnownFileType = sourcecode.swift; path = ECBriefCell.swift; sourceTree = "<group>"; };
		184CC5DE1DB9EAE500AA61CD /* ECUser.swift */ = {isa = PBXFileReference; fileEncoding = 4; lastKnownFileType = sourcecode.swift; path = ECUser.swift; sourceTree = "<group>"; };
		185E8CB11DB8C32700EF6587 /* EarlyEducation.app */ = {isa = PBXFileReference; explicitFileType = wrapper.application; includeInIndex = 0; path = EarlyEducation.app; sourceTree = BUILT_PRODUCTS_DIR; };
		185E8CB41DB8C32700EF6587 /* AppDelegate.swift */ = {isa = PBXFileReference; lastKnownFileType = sourcecode.swift; path = AppDelegate.swift; sourceTree = "<group>"; };
		185E8CB91DB8C32700EF6587 /* Base */ = {isa = PBXFileReference; lastKnownFileType = file.storyboard; name = Base; path = Base.lproj/Main.storyboard; sourceTree = "<group>"; };
		185E8CBC1DB8C32700EF6587 /* EarlyEducation.xcdatamodel */ = {isa = PBXFileReference; lastKnownFileType = wrapper.xcdatamodel; path = EarlyEducation.xcdatamodel; sourceTree = "<group>"; };
		185E8CBE1DB8C32700EF6587 /* Assets.xcassets */ = {isa = PBXFileReference; lastKnownFileType = folder.assetcatalog; path = Assets.xcassets; sourceTree = "<group>"; };
		185E8CC11DB8C32700EF6587 /* Base */ = {isa = PBXFileReference; lastKnownFileType = file.storyboard; name = Base; path = Base.lproj/LaunchScreen.storyboard; sourceTree = "<group>"; };
		185E8CC31DB8C32700EF6587 /* Info.plist */ = {isa = PBXFileReference; lastKnownFileType = text.plist.xml; path = Info.plist; sourceTree = "<group>"; };
		185E8CC81DB8C32700EF6587 /* EarlyEducationTests.xctest */ = {isa = PBXFileReference; explicitFileType = wrapper.cfbundle; includeInIndex = 0; path = EarlyEducationTests.xctest; sourceTree = BUILT_PRODUCTS_DIR; };
		185E8CCC1DB8C32700EF6587 /* EarlyEducationTests.swift */ = {isa = PBXFileReference; lastKnownFileType = sourcecode.swift; path = EarlyEducationTests.swift; sourceTree = "<group>"; };
		185E8CCE1DB8C32700EF6587 /* Info.plist */ = {isa = PBXFileReference; lastKnownFileType = text.plist.xml; path = Info.plist; sourceTree = "<group>"; };
		185E8CD31DB8C32700EF6587 /* EarlyEducationUITests.xctest */ = {isa = PBXFileReference; explicitFileType = wrapper.cfbundle; includeInIndex = 0; path = EarlyEducationUITests.xctest; sourceTree = BUILT_PRODUCTS_DIR; };
		185E8CD71DB8C32700EF6587 /* EarlyEducationUITests.swift */ = {isa = PBXFileReference; lastKnownFileType = sourcecode.swift; path = EarlyEducationUITests.swift; sourceTree = "<group>"; };
		185E8CD91DB8C32700EF6587 /* Info.plist */ = {isa = PBXFileReference; lastKnownFileType = text.plist.xml; path = Info.plist; sourceTree = "<group>"; };
		185E8CEE1DB8C82100EF6587 /* EECenterViewController.swift */ = {isa = PBXFileReference; fileEncoding = 4; lastKnownFileType = sourcecode.swift; path = EECenterViewController.swift; sourceTree = "<group>"; };
		18603C1F1DC080BA00FBAD16 /* NetworkService.swift */ = {isa = PBXFileReference; fileEncoding = 4; lastKnownFileType = sourcecode.swift; path = NetworkService.swift; sourceTree = "<group>"; };
		18AB79B932F96AA85C39F4EB /* Pods-EarlyEducationUITests.debug.xcconfig */ = {isa = PBXFileReference; includeInIndex = 1; lastKnownFileType = text.xcconfig; name = "Pods-EarlyEducationUITests.debug.xcconfig"; path = "Pods/Target Support Files/Pods-EarlyEducationUITests/Pods-EarlyEducationUITests.debug.xcconfig"; sourceTree = "<group>"; };
		18CFD0221DC1D4220048B481 /* NetworkServiceTests.swift */ = {isa = PBXFileReference; fileEncoding = 4; lastKnownFileType = sourcecode.swift; path = NetworkServiceTests.swift; sourceTree = "<group>"; };
		18CFD0241DC1D8B90048B481 /* XCTest.framework */ = {isa = PBXFileReference; lastKnownFileType = wrapper.framework; name = XCTest.framework; path = Platforms/iPhoneOS.platform/Developer/Library/Frameworks/XCTest.framework; sourceTree = DEVELOPER_DIR; };
		1B1DDBE4C3AD641BEED52958 /* Pods-EarlyEducationTests.release.xcconfig */ = {isa = PBXFileReference; includeInIndex = 1; lastKnownFileType = text.xcconfig; name = "Pods-EarlyEducationTests.release.xcconfig"; path = "Pods/Target Support Files/Pods-EarlyEducationTests/Pods-EarlyEducationTests.release.xcconfig"; sourceTree = "<group>"; };
		498491E68FF23A6E89865644 /* Pods-EarlyEducation.release.xcconfig */ = {isa = PBXFileReference; includeInIndex = 1; lastKnownFileType = text.xcconfig; name = "Pods-EarlyEducation.release.xcconfig"; path = "Pods/Target Support Files/Pods-EarlyEducation/Pods-EarlyEducation.release.xcconfig"; sourceTree = "<group>"; };
		5EEA684F44E78757924769AB /* Pods-EarlyEducationUITests.release.xcconfig */ = {isa = PBXFileReference; includeInIndex = 1; lastKnownFileType = text.xcconfig; name = "Pods-EarlyEducationUITests.release.xcconfig"; path = "Pods/Target Support Files/Pods-EarlyEducationUITests/Pods-EarlyEducationUITests.release.xcconfig"; sourceTree = "<group>"; };
		6EF732EBF6E063D46DB74F8C /* Pods_EarlyEducationUITests.framework */ = {isa = PBXFileReference; explicitFileType = wrapper.framework; includeInIndex = 0; path = Pods_EarlyEducationUITests.framework; sourceTree = BUILT_PRODUCTS_DIR; };
		6FBD398547333BE54786D665 /* Pods_EarlyEducation.framework */ = {isa = PBXFileReference; explicitFileType = wrapper.framework; includeInIndex = 0; path = Pods_EarlyEducation.framework; sourceTree = BUILT_PRODUCTS_DIR; };
		994E9B29F9E7F232F75CFF80 /* Pods-EarlyEducationTests.debug.xcconfig */ = {isa = PBXFileReference; includeInIndex = 1; lastKnownFileType = text.xcconfig; name = "Pods-EarlyEducationTests.debug.xcconfig"; path = "Pods/Target Support Files/Pods-EarlyEducationTests/Pods-EarlyEducationTests.debug.xcconfig"; sourceTree = "<group>"; };
		AA760F95BFB9D9A8E518081E /* Pods_EarlyEducationTests.framework */ = {isa = PBXFileReference; explicitFileType = wrapper.framework; includeInIndex = 0; path = Pods_EarlyEducationTests.framework; sourceTree = BUILT_PRODUCTS_DIR; };
/* End PBXFileReference section */

/* Begin PBXFrameworksBuildPhase section */
		185E8CAE1DB8C32700EF6587 /* Frameworks */ = {
			isa = PBXFrameworksBuildPhase;
			buildActionMask = 2147483647;
			files = (
				6237425C225FA33E6677B72E /* Pods_EarlyEducation.framework in Frameworks */,
			);
			runOnlyForDeploymentPostprocessing = 0;
		};
		185E8CC51DB8C32700EF6587 /* Frameworks */ = {
			isa = PBXFrameworksBuildPhase;
			buildActionMask = 2147483647;
			files = (
				18CFD0251DC1D8B90048B481 /* XCTest.framework in Frameworks */,
				EE9F2AA2D54AA3E02C12F69A /* Pods_EarlyEducationTests.framework in Frameworks */,
			);
			runOnlyForDeploymentPostprocessing = 0;
		};
		185E8CD01DB8C32700EF6587 /* Frameworks */ = {
			isa = PBXFrameworksBuildPhase;
			buildActionMask = 2147483647;
			files = (
				34199D1591B72E7BCD1A8CBF /* Pods_EarlyEducationUITests.framework in Frameworks */,
			);
			runOnlyForDeploymentPostprocessing = 0;
		};
/* End PBXFrameworksBuildPhase section */

/* Begin PBXGroup section */
		009D938EB822853C0BE85C9A /* Pods */ = {
			isa = PBXGroup;
			children = (
				0B932F48F7D1B3C7A806C6BD /* Pods-EarlyEducation.debug.xcconfig */,
				498491E68FF23A6E89865644 /* Pods-EarlyEducation.release.xcconfig */,
				994E9B29F9E7F232F75CFF80 /* Pods-EarlyEducationTests.debug.xcconfig */,
				1B1DDBE4C3AD641BEED52958 /* Pods-EarlyEducationTests.release.xcconfig */,
				18AB79B932F96AA85C39F4EB /* Pods-EarlyEducationUITests.debug.xcconfig */,
				5EEA684F44E78757924769AB /* Pods-EarlyEducationUITests.release.xcconfig */,
			);
			name = Pods;
			sourceTree = "<group>";
		};
		184CC5D71DB9E57300AA61CD /* Procotols */ = {
			isa = PBXGroup;
			children = (
				184CC5D81DB9E5D400AA61CD /* ECBriefProtocol.swift */,
			);
			path = Procotols;
			sourceTree = "<group>";
		};
		185E8CA81DB8C32700EF6587 = {
			isa = PBXGroup;
			children = (
				185E8CB31DB8C32700EF6587 /* EarlyEducation */,
				185E8CCB1DB8C32700EF6587 /* EarlyEducationTests */,
				185E8CD61DB8C32700EF6587 /* EarlyEducationUITests */,
				185E8CB21DB8C32700EF6587 /* Products */,
				009D938EB822853C0BE85C9A /* Pods */,
				85CEAF1F4BE9F846B288987F /* Frameworks */,
			);
			sourceTree = "<group>";
		};
		185E8CB21DB8C32700EF6587 /* Products */ = {
			isa = PBXGroup;
			children = (
				185E8CB11DB8C32700EF6587 /* EarlyEducation.app */,
				185E8CC81DB8C32700EF6587 /* EarlyEducationTests.xctest */,
				185E8CD31DB8C32700EF6587 /* EarlyEducationUITests.xctest */,
			);
			name = Products;
			sourceTree = "<group>";
		};
		185E8CB31DB8C32700EF6587 /* EarlyEducation */ = {
			isa = PBXGroup;
			children = (
				184CC5D71DB9E57300AA61CD /* Procotols */,
				185E8CE51DB8C37F00EF6587 /* Controller */,
				185E8CE61DB8C37F00EF6587 /* Model */,
				185E8CE71DB8C37F00EF6587 /* Service */,
				185E8CE81DB8C37F00EF6587 /* View */,
				185E8CB41DB8C32700EF6587 /* AppDelegate.swift */,
				185E8CB81DB8C32700EF6587 /* Main.storyboard */,
				185E8CBE1DB8C32700EF6587 /* Assets.xcassets */,
				185E8CC01DB8C32700EF6587 /* LaunchScreen.storyboard */,
				185E8CC31DB8C32700EF6587 /* Info.plist */,
				185E8CBB1DB8C32700EF6587 /* EarlyEducation.xcdatamodeld */,
			);
			path = EarlyEducation;
			sourceTree = "<group>";
		};
		185E8CCB1DB8C32700EF6587 /* EarlyEducationTests */ = {
			isa = PBXGroup;
			children = (
				18CFD01E1DC1D3B90048B481 /* Service */,
				185E8CCC1DB8C32700EF6587 /* EarlyEducationTests.swift */,
				185E8CCE1DB8C32700EF6587 /* Info.plist */,
			);
			path = EarlyEducationTests;
			sourceTree = "<group>";
		};
		185E8CD61DB8C32700EF6587 /* EarlyEducationUITests */ = {
			isa = PBXGroup;
			children = (
				185E8CD71DB8C32700EF6587 /* EarlyEducationUITests.swift */,
				185E8CD91DB8C32700EF6587 /* Info.plist */,
			);
			path = EarlyEducationUITests;
			sourceTree = "<group>";
		};
		185E8CE51DB8C37F00EF6587 /* Controller */ = {
			isa = PBXGroup;
			children = (
				185E8CED1DB8C82100EF6587 /* EarlyEducationCenter */,
			);
			path = Controller;
			sourceTree = "<group>";
		};
		185E8CE61DB8C37F00EF6587 /* Model */ = {
			isa = PBXGroup;
			children = (
				184CC5DE1DB9EAE500AA61CD /* ECUser.swift */,
			);
			path = Model;
			sourceTree = "<group>";
		};
		185E8CE71DB8C37F00EF6587 /* Service */ = {
			isa = PBXGroup;
			children = (
				18603C1E1DC080BA00FBAD16 /* HTTPService */,
			);
			path = Service;
			sourceTree = "<group>";
		};
		185E8CE81DB8C37F00EF6587 /* View */ = {
			isa = PBXGroup;
			children = (
				184CC5DA1DB9E6FE00AA61CD /* ECBriefCell.swift */,
			);
			path = View;
			sourceTree = "<group>";
		};
		185E8CED1DB8C82100EF6587 /* EarlyEducationCenter */ = {
			isa = PBXGroup;
			children = (
				185E8CEE1DB8C82100EF6587 /* EECenterViewController.swift */,
				184CC5CC1DB9E4BC00AA61CD /* EEHomeController.swift */,
				184CC5D51DB9E4D300AA61CD /* EEMineController.swift */,
			);
			path = EarlyEducationCenter;
			sourceTree = "<group>";
		};
		18603C1E1DC080BA00FBAD16 /* HTTPService */ = {
			isa = PBXGroup;
			children = (
				18603C1F1DC080BA00FBAD16 /* NetworkService.swift */,
			);
			path = HTTPService;
			sourceTree = "<group>";
		};
		18CFD01E1DC1D3B90048B481 /* Service */ = {
			isa = PBXGroup;
			children = (
				18CFD01F1DC1D3B90048B481 /* HTTPService */,
			);
			path = Service;
			sourceTree = "<group>";
		};
		18CFD01F1DC1D3B90048B481 /* HTTPService */ = {
			isa = PBXGroup;
			children = (
				18CFD0221DC1D4220048B481 /* NetworkServiceTests.swift */,
			);
			path = HTTPService;
			sourceTree = "<group>";
		};
		85CEAF1F4BE9F846B288987F /* Frameworks */ = {
			isa = PBXGroup;
			children = (
				18CFD0241DC1D8B90048B481 /* XCTest.framework */,
				6FBD398547333BE54786D665 /* Pods_EarlyEducation.framework */,
				AA760F95BFB9D9A8E518081E /* Pods_EarlyEducationTests.framework */,
				6EF732EBF6E063D46DB74F8C /* Pods_EarlyEducationUITests.framework */,
			);
			name = Frameworks;
			sourceTree = "<group>";
		};
/* End PBXGroup section */

/* Begin PBXNativeTarget section */
		185E8CB01DB8C32700EF6587 /* EarlyEducation */ = {
			isa = PBXNativeTarget;
			buildConfigurationList = 185E8CDC1DB8C32700EF6587 /* Build configuration list for PBXNativeTarget "EarlyEducation" */;
			buildPhases = (
				AF4D8495D85EAD00EFA3200E /* [CP] Check Pods Manifest.lock */,
				185E8CAD1DB8C32700EF6587 /* Sources */,
				185E8CAE1DB8C32700EF6587 /* Frameworks */,
				185E8CAF1DB8C32700EF6587 /* Resources */,
				185E8D0D1DB8CBE400EF6587 /* Embed Frameworks */,
				94A30AD6604D685AB4C7054D /* [CP] Embed Pods Frameworks */,
				45EAFDE10BCBBE2597DCA2D3 /* [CP] Copy Pods Resources */,
			);
			buildRules = (
			);
			dependencies = (
			);
			name = EarlyEducation;
			productName = EarlyEducation;
			productReference = 185E8CB11DB8C32700EF6587 /* EarlyEducation.app */;
			productType = "com.apple.product-type.application";
		};
		185E8CC71DB8C32700EF6587 /* EarlyEducationTests */ = {
			isa = PBXNativeTarget;
			buildConfigurationList = 185E8CDF1DB8C32700EF6587 /* Build configuration list for PBXNativeTarget "EarlyEducationTests" */;
			buildPhases = (
				D2F1D274665A3168F219FF1F /* [CP] Check Pods Manifest.lock */,
				185E8CC41DB8C32700EF6587 /* Sources */,
				185E8CC51DB8C32700EF6587 /* Frameworks */,
				185E8CC61DB8C32700EF6587 /* Resources */,
				10C592246CB0D616ACA26E72 /* [CP] Embed Pods Frameworks */,
				31FE75E10D016C34288CABA3 /* [CP] Copy Pods Resources */,
			);
			buildRules = (
			);
			dependencies = (
				185E8CCA1DB8C32700EF6587 /* PBXTargetDependency */,
			);
			name = EarlyEducationTests;
			productName = EarlyEducationTests;
			productReference = 185E8CC81DB8C32700EF6587 /* EarlyEducationTests.xctest */;
			productType = "com.apple.product-type.bundle.unit-test";
		};
		185E8CD21DB8C32700EF6587 /* EarlyEducationUITests */ = {
			isa = PBXNativeTarget;
			buildConfigurationList = 185E8CE21DB8C32700EF6587 /* Build configuration list for PBXNativeTarget "EarlyEducationUITests" */;
			buildPhases = (
				7ED481EC51D378EF3EE0076D /* [CP] Check Pods Manifest.lock */,
				185E8CCF1DB8C32700EF6587 /* Sources */,
				185E8CD01DB8C32700EF6587 /* Frameworks */,
				185E8CD11DB8C32700EF6587 /* Resources */,
				1B7F672557F5501421968F8D /* [CP] Copy Pods Resources */,
				0AF91E5DBDB5804BA7CC4A3B /* [CP] Embed Pods Frameworks */,
			);
			buildRules = (
			);
			dependencies = (
				185E8CD51DB8C32700EF6587 /* PBXTargetDependency */,
			);
			name = EarlyEducationUITests;
			productName = EarlyEducationUITests;
			productReference = 185E8CD31DB8C32700EF6587 /* EarlyEducationUITests.xctest */;
			productType = "com.apple.product-type.bundle.ui-testing";
		};
/* End PBXNativeTarget section */

/* Begin PBXProject section */
		185E8CA91DB8C32700EF6587 /* Project object */ = {
			isa = PBXProject;
			attributes = {
				LastSwiftUpdateCheck = 0800;
				LastUpgradeCheck = 0800;
				ORGANIZATIONNAME = fantasy;
				TargetAttributes = {
					185E8CB01DB8C32700EF6587 = {
						CreatedOnToolsVersion = 8.0;
						DevelopmentTeam = S7VSUA36LS;
						ProvisioningStyle = Manual;
					};
					185E8CC71DB8C32700EF6587 = {
						CreatedOnToolsVersion = 8.0;
						DevelopmentTeam = CPF2YFX52G;
						ProvisioningStyle = Manual;
						TestTargetID = 185E8CB01DB8C32700EF6587;
					};
					185E8CD21DB8C32700EF6587 = {
						CreatedOnToolsVersion = 8.0;
						DevelopmentTeam = S7VSUA36LS;
						ProvisioningStyle = Manual;
						TestTargetID = 185E8CB01DB8C32700EF6587;
					};
				};
			};
			buildConfigurationList = 185E8CAC1DB8C32700EF6587 /* Build configuration list for PBXProject "EarlyEducation" */;
			compatibilityVersion = "Xcode 3.2";
			developmentRegion = English;
			hasScannedForEncodings = 0;
			knownRegions = (
				en,
				Base,
			);
			mainGroup = 185E8CA81DB8C32700EF6587;
			productRefGroup = 185E8CB21DB8C32700EF6587 /* Products */;
			projectDirPath = "";
			projectRoot = "";
			targets = (
				185E8CB01DB8C32700EF6587 /* EarlyEducation */,
				185E8CC71DB8C32700EF6587 /* EarlyEducationTests */,
				185E8CD21DB8C32700EF6587 /* EarlyEducationUITests */,
			);
		};
/* End PBXProject section */

/* Begin PBXResourcesBuildPhase section */
		185E8CAF1DB8C32700EF6587 /* Resources */ = {
			isa = PBXResourcesBuildPhase;
			buildActionMask = 2147483647;
			files = (
				185E8CC21DB8C32700EF6587 /* LaunchScreen.storyboard in Resources */,
				185E8CBF1DB8C32700EF6587 /* Assets.xcassets in Resources */,
				185E8CBA1DB8C32700EF6587 /* Main.storyboard in Resources */,
			);
			runOnlyForDeploymentPostprocessing = 0;
		};
		185E8CC61DB8C32700EF6587 /* Resources */ = {
			isa = PBXResourcesBuildPhase;
			buildActionMask = 2147483647;
			files = (
			);
			runOnlyForDeploymentPostprocessing = 0;
		};
		185E8CD11DB8C32700EF6587 /* Resources */ = {
			isa = PBXResourcesBuildPhase;
			buildActionMask = 2147483647;
			files = (
			);
			runOnlyForDeploymentPostprocessing = 0;
		};
/* End PBXResourcesBuildPhase section */

/* Begin PBXShellScriptBuildPhase section */
		0AF91E5DBDB5804BA7CC4A3B /* [CP] Embed Pods Frameworks */ = {
			isa = PBXShellScriptBuildPhase;
			buildActionMask = 2147483647;
			files = (
			);
			inputPaths = (
			);
			name = "[CP] Embed Pods Frameworks";
			outputPaths = (
			);
			runOnlyForDeploymentPostprocessing = 0;
			shellPath = /bin/sh;
			shellScript = "\"${SRCROOT}/Pods/Target Support Files/Pods-EarlyEducationUITests/Pods-EarlyEducationUITests-frameworks.sh\"\n";
			showEnvVarsInLog = 0;
		};
		10C592246CB0D616ACA26E72 /* [CP] Embed Pods Frameworks */ = {
			isa = PBXShellScriptBuildPhase;
			buildActionMask = 2147483647;
			files = (
			);
			inputPaths = (
			);
			name = "[CP] Embed Pods Frameworks";
			outputPaths = (
			);
			runOnlyForDeploymentPostprocessing = 0;
			shellPath = /bin/sh;
			shellScript = "\"${SRCROOT}/Pods/Target Support Files/Pods-EarlyEducationTests/Pods-EarlyEducationTests-frameworks.sh\"\n";
			showEnvVarsInLog = 0;
		};
		1B7F672557F5501421968F8D /* [CP] Copy Pods Resources */ = {
			isa = PBXShellScriptBuildPhase;
			buildActionMask = 2147483647;
			files = (
			);
			inputPaths = (
			);
			name = "[CP] Copy Pods Resources";
			outputPaths = (
			);
			runOnlyForDeploymentPostprocessing = 0;
			shellPath = /bin/sh;
			shellScript = "\"${SRCROOT}/Pods/Target Support Files/Pods-EarlyEducationUITests/Pods-EarlyEducationUITests-resources.sh\"\n";
			showEnvVarsInLog = 0;
		};
		31FE75E10D016C34288CABA3 /* [CP] Copy Pods Resources */ = {
			isa = PBXShellScriptBuildPhase;
			buildActionMask = 2147483647;
			files = (
			);
			inputPaths = (
			);
			name = "[CP] Copy Pods Resources";
			outputPaths = (
			);
			runOnlyForDeploymentPostprocessing = 0;
			shellPath = /bin/sh;
			shellScript = "\"${SRCROOT}/Pods/Target Support Files/Pods-EarlyEducationTests/Pods-EarlyEducationTests-resources.sh\"\n";
			showEnvVarsInLog = 0;
		};
		45EAFDE10BCBBE2597DCA2D3 /* [CP] Copy Pods Resources */ = {
			isa = PBXShellScriptBuildPhase;
			buildActionMask = 2147483647;
			files = (
			);
			inputPaths = (
			);
			name = "[CP] Copy Pods Resources";
			outputPaths = (
			);
			runOnlyForDeploymentPostprocessing = 0;
			shellPath = /bin/sh;
			shellScript = "\"${SRCROOT}/Pods/Target Support Files/Pods-EarlyEducation/Pods-EarlyEducation-resources.sh\"\n";
			showEnvVarsInLog = 0;
		};
		7ED481EC51D378EF3EE0076D /* [CP] Check Pods Manifest.lock */ = {
			isa = PBXShellScriptBuildPhase;
			buildActionMask = 2147483647;
			files = (
			);
			inputPaths = (
			);
			name = "[CP] Check Pods Manifest.lock";
			outputPaths = (
			);
			runOnlyForDeploymentPostprocessing = 0;
			shellPath = /bin/sh;
			shellScript = "diff \"${PODS_ROOT}/../Podfile.lock\" \"${PODS_ROOT}/Manifest.lock\" > /dev/null\nif [ $? != 0 ] ; then\n    # print error to STDERR\n    echo \"error: The sandbox is not in sync with the Podfile.lock. Run 'pod install' or update your CocoaPods installation.\" >&2\n    exit 1\nfi\n";
			showEnvVarsInLog = 0;
		};
		94A30AD6604D685AB4C7054D /* [CP] Embed Pods Frameworks */ = {
			isa = PBXShellScriptBuildPhase;
			buildActionMask = 2147483647;
			files = (
			);
			inputPaths = (
			);
			name = "[CP] Embed Pods Frameworks";
			outputPaths = (
			);
			runOnlyForDeploymentPostprocessing = 0;
			shellPath = /bin/sh;
			shellScript = "\"${SRCROOT}/Pods/Target Support Files/Pods-EarlyEducation/Pods-EarlyEducation-frameworks.sh\"\n";
			showEnvVarsInLog = 0;
		};
		AF4D8495D85EAD00EFA3200E /* [CP] Check Pods Manifest.lock */ = {
			isa = PBXShellScriptBuildPhase;
			buildActionMask = 2147483647;
			files = (
			);
			inputPaths = (
			);
			name = "[CP] Check Pods Manifest.lock";
			outputPaths = (
			);
			runOnlyForDeploymentPostprocessing = 0;
			shellPath = /bin/sh;
			shellScript = "diff \"${PODS_ROOT}/../Podfile.lock\" \"${PODS_ROOT}/Manifest.lock\" > /dev/null\nif [ $? != 0 ] ; then\n    # print error to STDERR\n    echo \"error: The sandbox is not in sync with the Podfile.lock. Run 'pod install' or update your CocoaPods installation.\" >&2\n    exit 1\nfi\n";
			showEnvVarsInLog = 0;
		};
		D2F1D274665A3168F219FF1F /* [CP] Check Pods Manifest.lock */ = {
			isa = PBXShellScriptBuildPhase;
			buildActionMask = 2147483647;
			files = (
			);
			inputPaths = (
			);
			name = "[CP] Check Pods Manifest.lock";
			outputPaths = (
			);
			runOnlyForDeploymentPostprocessing = 0;
			shellPath = /bin/sh;
			shellScript = "diff \"${PODS_ROOT}/../Podfile.lock\" \"${PODS_ROOT}/Manifest.lock\" > /dev/null\nif [ $? != 0 ] ; then\n    # print error to STDERR\n    echo \"error: The sandbox is not in sync with the Podfile.lock. Run 'pod install' or update your CocoaPods installation.\" >&2\n    exit 1\nfi\n";
			showEnvVarsInLog = 0;
		};
/* End PBXShellScriptBuildPhase section */

/* Begin PBXSourcesBuildPhase section */
		185E8CAD1DB8C32700EF6587 /* Sources */ = {
			isa = PBXSourcesBuildPhase;
			buildActionMask = 2147483647;
			files = (
				184CC5D61DB9E4D300AA61CD /* EEMineController.swift in Sources */,
				184CC5DF1DB9EAE500AA61CD /* ECUser.swift in Sources */,
				184CC5D91DB9E5D400AA61CD /* ECBriefProtocol.swift in Sources */,
				184CC5DB1DB9E6FE00AA61CD /* ECBriefCell.swift in Sources */,
				18603C201DC080BA00FBAD16 /* NetworkService.swift in Sources */,
				184CC5CD1DB9E4BC00AA61CD /* EEHomeController.swift in Sources */,
				185E8CEF1DB8C82100EF6587 /* EECenterViewController.swift in Sources */,
				185E8CBD1DB8C32700EF6587 /* EarlyEducation.xcdatamodeld in Sources */,
				185E8CB51DB8C32700EF6587 /* AppDelegate.swift in Sources */,
			);
			runOnlyForDeploymentPostprocessing = 0;
		};
		185E8CC41DB8C32700EF6587 /* Sources */ = {
			isa = PBXSourcesBuildPhase;
			buildActionMask = 2147483647;
			files = (
				18603C211DC080BA00FBAD16 /* NetworkService.swift in Sources */,
				18CFD0231DC1D4220048B481 /* NetworkServiceTests.swift in Sources */,
				185E8CCD1DB8C32700EF6587 /* EarlyEducationTests.swift in Sources */,
			);
			runOnlyForDeploymentPostprocessing = 0;
		};
		185E8CCF1DB8C32700EF6587 /* Sources */ = {
			isa = PBXSourcesBuildPhase;
			buildActionMask = 2147483647;
			files = (
				185E8CD81DB8C32700EF6587 /* EarlyEducationUITests.swift in Sources */,
			);
			runOnlyForDeploymentPostprocessing = 0;
		};
/* End PBXSourcesBuildPhase section */

/* Begin PBXTargetDependency section */
		185E8CCA1DB8C32700EF6587 /* PBXTargetDependency */ = {
			isa = PBXTargetDependency;
			target = 185E8CB01DB8C32700EF6587 /* EarlyEducation */;
			targetProxy = 185E8CC91DB8C32700EF6587 /* PBXContainerItemProxy */;
		};
		185E8CD51DB8C32700EF6587 /* PBXTargetDependency */ = {
			isa = PBXTargetDependency;
			target = 185E8CB01DB8C32700EF6587 /* EarlyEducation */;
			targetProxy = 185E8CD41DB8C32700EF6587 /* PBXContainerItemProxy */;
		};
/* End PBXTargetDependency section */

/* Begin PBXVariantGroup section */
		185E8CB81DB8C32700EF6587 /* Main.storyboard */ = {
			isa = PBXVariantGroup;
			children = (
				185E8CB91DB8C32700EF6587 /* Base */,
			);
			name = Main.storyboard;
			sourceTree = "<group>";
		};
		185E8CC01DB8C32700EF6587 /* LaunchScreen.storyboard */ = {
			isa = PBXVariantGroup;
			children = (
				185E8CC11DB8C32700EF6587 /* Base */,
			);
			name = LaunchScreen.storyboard;
			sourceTree = "<group>";
		};
/* End PBXVariantGroup section */

/* Begin XCBuildConfiguration section */
		185E8CDA1DB8C32700EF6587 /* Debug */ = {
			isa = XCBuildConfiguration;
			buildSettings = {
				ALWAYS_SEARCH_USER_PATHS = NO;
				CLANG_ANALYZER_NONNULL = YES;
				CLANG_CXX_LANGUAGE_STANDARD = "gnu++0x";
				CLANG_CXX_LIBRARY = "libc++";
				CLANG_ENABLE_MODULES = YES;
				CLANG_ENABLE_OBJC_ARC = YES;
				CLANG_WARN_BOOL_CONVERSION = YES;
				CLANG_WARN_CONSTANT_CONVERSION = YES;
				CLANG_WARN_DIRECT_OBJC_ISA_USAGE = YES_ERROR;
				CLANG_WARN_DOCUMENTATION_COMMENTS = YES;
				CLANG_WARN_EMPTY_BODY = YES;
				CLANG_WARN_ENUM_CONVERSION = YES;
				CLANG_WARN_INFINITE_RECURSION = YES;
				CLANG_WARN_INT_CONVERSION = YES;
				CLANG_WARN_OBJC_ROOT_CLASS = YES_ERROR;
				CLANG_WARN_SUSPICIOUS_MOVES = YES;
				CLANG_WARN_UNREACHABLE_CODE = YES;
				CLANG_WARN__DUPLICATE_METHOD_MATCH = YES;
				"CODE_SIGN_IDENTITY[sdk=iphoneos*]" = "iPhone Developer";
				COPY_PHASE_STRIP = NO;
				DEBUG_INFORMATION_FORMAT = dwarf;
				ENABLE_STRICT_OBJC_MSGSEND = YES;
				ENABLE_TESTABILITY = YES;
				GCC_C_LANGUAGE_STANDARD = gnu99;
				GCC_DYNAMIC_NO_PIC = NO;
				GCC_NO_COMMON_BLOCKS = YES;
				GCC_OPTIMIZATION_LEVEL = 0;
				GCC_PREPROCESSOR_DEFINITIONS = (
					"DEBUG=1",
					"$(inherited)",
				);
				GCC_WARN_64_TO_32_BIT_CONVERSION = YES;
				GCC_WARN_ABOUT_RETURN_TYPE = YES_ERROR;
				GCC_WARN_UNDECLARED_SELECTOR = YES;
				GCC_WARN_UNINITIALIZED_AUTOS = YES_AGGRESSIVE;
				GCC_WARN_UNUSED_FUNCTION = YES;
				GCC_WARN_UNUSED_VARIABLE = YES;
				IPHONEOS_DEPLOYMENT_TARGET = 9.0;
				MTL_ENABLE_DEBUG_INFO = YES;
				ONLY_ACTIVE_ARCH = YES;
				SDKROOT = iphoneos;
				SWIFT_ACTIVE_COMPILATION_CONDITIONS = DEBUG;
				SWIFT_OPTIMIZATION_LEVEL = "-Onone";
			};
			name = Debug;
		};
		185E8CDB1DB8C32700EF6587 /* Release */ = {
			isa = XCBuildConfiguration;
			buildSettings = {
				ALWAYS_SEARCH_USER_PATHS = NO;
				CLANG_ANALYZER_NONNULL = YES;
				CLANG_CXX_LANGUAGE_STANDARD = "gnu++0x";
				CLANG_CXX_LIBRARY = "libc++";
				CLANG_ENABLE_MODULES = YES;
				CLANG_ENABLE_OBJC_ARC = YES;
				CLANG_WARN_BOOL_CONVERSION = YES;
				CLANG_WARN_CONSTANT_CONVERSION = YES;
				CLANG_WARN_DIRECT_OBJC_ISA_USAGE = YES_ERROR;
				CLANG_WARN_DOCUMENTATION_COMMENTS = YES;
				CLANG_WARN_EMPTY_BODY = YES;
				CLANG_WARN_ENUM_CONVERSION = YES;
				CLANG_WARN_INFINITE_RECURSION = YES;
				CLANG_WARN_INT_CONVERSION = YES;
				CLANG_WARN_OBJC_ROOT_CLASS = YES_ERROR;
				CLANG_WARN_SUSPICIOUS_MOVES = YES;
				CLANG_WARN_UNREACHABLE_CODE = YES;
				CLANG_WARN__DUPLICATE_METHOD_MATCH = YES;
				"CODE_SIGN_IDENTITY[sdk=iphoneos*]" = "iPhone Developer";
				COPY_PHASE_STRIP = NO;
				DEBUG_INFORMATION_FORMAT = "dwarf-with-dsym";
				ENABLE_NS_ASSERTIONS = NO;
				ENABLE_STRICT_OBJC_MSGSEND = YES;
				GCC_C_LANGUAGE_STANDARD = gnu99;
				GCC_NO_COMMON_BLOCKS = YES;
				GCC_WARN_64_TO_32_BIT_CONVERSION = YES;
				GCC_WARN_ABOUT_RETURN_TYPE = YES_ERROR;
				GCC_WARN_UNDECLARED_SELECTOR = YES;
				GCC_WARN_UNINITIALIZED_AUTOS = YES_AGGRESSIVE;
				GCC_WARN_UNUSED_FUNCTION = YES;
				GCC_WARN_UNUSED_VARIABLE = YES;
				IPHONEOS_DEPLOYMENT_TARGET = 9.0;
				MTL_ENABLE_DEBUG_INFO = NO;
				SDKROOT = iphoneos;
				SWIFT_OPTIMIZATION_LEVEL = "-Owholemodule";
				VALIDATE_PRODUCT = YES;
			};
			name = Release;
		};
		185E8CDD1DB8C32700EF6587 /* Debug */ = {
			isa = XCBuildConfiguration;
			baseConfigurationReference = 0B932F48F7D1B3C7A806C6BD /* Pods-EarlyEducation.debug.xcconfig */;
			buildSettings = {
				ALWAYS_EMBED_SWIFT_STANDARD_LIBRARIES = YES;
				ASSETCATALOG_COMPILER_APPICON_NAME = AppIcon;
				DEVELOPMENT_TEAM = S7VSUA36LS;
				INFOPLIST_FILE = EarlyEducation/Info.plist;
				IPHONEOS_DEPLOYMENT_TARGET = 10.0;
				LD_RUNPATH_SEARCH_PATHS = "$(inherited) @executable_path/Frameworks";
				PRODUCT_BUNDLE_IDENTIFIER = com.fantasy.EarlyEducation;
				PRODUCT_NAME = "$(TARGET_NAME)";
				PROVISIONING_PROFILE = "a625267a-0618-4325-86a7-843b8af0b3a8";
				PROVISIONING_PROFILE_SPECIFIER = demoDev;
				SWIFT_VERSION = 3.0;
			};
			name = Debug;
		};
		185E8CDE1DB8C32700EF6587 /* Release */ = {
			isa = XCBuildConfiguration;
			baseConfigurationReference = 498491E68FF23A6E89865644 /* Pods-EarlyEducation.release.xcconfig */;
			buildSettings = {
				ALWAYS_EMBED_SWIFT_STANDARD_LIBRARIES = YES;
				ASSETCATALOG_COMPILER_APPICON_NAME = AppIcon;
				DEVELOPMENT_TEAM = S7VSUA36LS;
				INFOPLIST_FILE = EarlyEducation/Info.plist;
				IPHONEOS_DEPLOYMENT_TARGET = 10.0;
				LD_RUNPATH_SEARCH_PATHS = "$(inherited) @executable_path/Frameworks";
				PRODUCT_BUNDLE_IDENTIFIER = com.fantasy.EarlyEducation;
				PRODUCT_NAME = "$(TARGET_NAME)";
				PROVISIONING_PROFILE = "a625267a-0618-4325-86a7-843b8af0b3a8";
				PROVISIONING_PROFILE_SPECIFIER = demoDev;
				SWIFT_VERSION = 3.0;
			};
			name = Release;
		};
		185E8CE01DB8C32700EF6587 /* Debug */ = {
			isa = XCBuildConfiguration;
			baseConfigurationReference = 994E9B29F9E7F232F75CFF80 /* Pods-EarlyEducationTests.debug.xcconfig */;
			buildSettings = {
				ALWAYS_EMBED_SWIFT_STANDARD_LIBRARIES = YES;
				BUNDLE_LOADER = "$(TEST_HOST)";
				DEVELOPMENT_TEAM = CPF2YFX52G;
				INFOPLIST_FILE = EarlyEducationTests/Info.plist;
				LD_RUNPATH_SEARCH_PATHS = "$(inherited) @executable_path/Frameworks @loader_path/Frameworks";
				PRODUCT_BUNDLE_IDENTIFIER = com.fantasy.EarlyEducationTests;
				PRODUCT_NAME = "$(TARGET_NAME)";
				PROVISIONING_PROFILE_SPECIFIER = "";
				SWIFT_VERSION = 3.0;
				TEST_HOST = "$(BUILT_PRODUCTS_DIR)/EarlyEducation.app/EarlyEducation";
			};
			name = Debug;
		};
		185E8CE11DB8C32700EF6587 /* Release */ = {
			isa = XCBuildConfiguration;
			baseConfigurationReference = 1B1DDBE4C3AD641BEED52958 /* Pods-EarlyEducationTests.release.xcconfig */;
			buildSettings = {
				ALWAYS_EMBED_SWIFT_STANDARD_LIBRARIES = YES;
				BUNDLE_LOADER = "$(TEST_HOST)";
				DEVELOPMENT_TEAM = CPF2YFX52G;
				INFOPLIST_FILE = EarlyEducationTests/Info.plist;
				LD_RUNPATH_SEARCH_PATHS = "$(inherited) @executable_path/Frameworks @loader_path/Frameworks";
				PRODUCT_BUNDLE_IDENTIFIER = com.fantasy.EarlyEducationTests;
				PRODUCT_NAME = "$(TARGET_NAME)";
				PROVISIONING_PROFILE_SPECIFIER = "";
				SWIFT_VERSION = 3.0;
				TEST_HOST = "$(BUILT_PRODUCTS_DIR)/EarlyEducation.app/EarlyEducation";
			};
			name = Release;
		};
		185E8CE31DB8C32700EF6587 /* Debug */ = {
			isa = XCBuildConfiguration;
			baseConfigurationReference = 18AB79B932F96AA85C39F4EB /* Pods-EarlyEducationUITests.debug.xcconfig */;
			buildSettings = {
				ALWAYS_EMBED_SWIFT_STANDARD_LIBRARIES = YES;
				DEVELOPMENT_TEAM = S7VSUA36LS;
				INFOPLIST_FILE = EarlyEducationUITests/Info.plist;
				LD_RUNPATH_SEARCH_PATHS = "$(inherited) @executable_path/Frameworks @loader_path/Frameworks";
				PRODUCT_BUNDLE_IDENTIFIER = com.fantasy.EarlyEducationUITests;
				PRODUCT_NAME = "$(TARGET_NAME)";
				PROVISIONING_PROFILE = "a625267a-0618-4325-86a7-843b8af0b3a8";
				PROVISIONING_PROFILE_SPECIFIER = demoDev;
				SWIFT_VERSION = 3.0;
				TEST_TARGET_NAME = EarlyEducation;
			};
			name = Debug;
		};
		185E8CE41DB8C32700EF6587 /* Release */ = {
			isa = XCBuildConfiguration;
			baseConfigurationReference = 5EEA684F44E78757924769AB /* Pods-EarlyEducationUITests.release.xcconfig */;
			buildSettings = {
				ALWAYS_EMBED_SWIFT_STANDARD_LIBRARIES = YES;
				DEVELOPMENT_TEAM = S7VSUA36LS;
				INFOPLIST_FILE = EarlyEducationUITests/Info.plist;
				LD_RUNPATH_SEARCH_PATHS = "$(inherited) @executable_path/Frameworks @loader_path/Frameworks";
				PRODUCT_BUNDLE_IDENTIFIER = com.fantasy.EarlyEducationUITests;
				PRODUCT_NAME = "$(TARGET_NAME)";
				PROVISIONING_PROFILE = "a625267a-0618-4325-86a7-843b8af0b3a8";
				PROVISIONING_PROFILE_SPECIFIER = demoDev;
				SWIFT_VERSION = 3.0;
				TEST_TARGET_NAME = EarlyEducation;
			};
			name = Release;
		};
/* End XCBuildConfiguration section */

/* Begin XCConfigurationList section */
		185E8CAC1DB8C32700EF6587 /* Build configuration list for PBXProject "EarlyEducation" */ = {
			isa = XCConfigurationList;
			buildConfigurations = (
				185E8CDA1DB8C32700EF6587 /* Debug */,
				185E8CDB1DB8C32700EF6587 /* Release */,
			);
			defaultConfigurationIsVisible = 0;
			defaultConfigurationName = Release;
		};
		185E8CDC1DB8C32700EF6587 /* Build configuration list for PBXNativeTarget "EarlyEducation" */ = {
			isa = XCConfigurationList;
			buildConfigurations = (
				185E8CDD1DB8C32700EF6587 /* Debug */,
				185E8CDE1DB8C32700EF6587 /* Release */,
			);
			defaultConfigurationIsVisible = 0;
			defaultConfigurationName = Release;
		};
		185E8CDF1DB8C32700EF6587 /* Build configuration list for PBXNativeTarget "EarlyEducationTests" */ = {
			isa = XCConfigurationList;
			buildConfigurations = (
				185E8CE01DB8C32700EF6587 /* Debug */,
				185E8CE11DB8C32700EF6587 /* Release */,
			);
			defaultConfigurationIsVisible = 0;
			defaultConfigurationName = Release;
		};
		185E8CE21DB8C32700EF6587 /* Build configuration list for PBXNativeTarget "EarlyEducationUITests" */ = {
			isa = XCConfigurationList;
			buildConfigurations = (
				185E8CE31DB8C32700EF6587 /* Debug */,
				185E8CE41DB8C32700EF6587 /* Release */,
			);
			defaultConfigurationIsVisible = 0;
			defaultConfigurationName = Release;
		};
/* End XCConfigurationList section */

/* Begin XCVersionGroup section */
		185E8CBB1DB8C32700EF6587 /* EarlyEducation.xcdatamodeld */ = {
			isa = XCVersionGroup;
			children = (
				185E8CBC1DB8C32700EF6587 /* EarlyEducation.xcdatamodel */,
			);
			currentVersion = 185E8CBC1DB8C32700EF6587 /* EarlyEducation.xcdatamodel */;
			path = EarlyEducation.xcdatamodeld;
			sourceTree = "<group>";
			versionGroupType = wrapper.xcdatamodel;
		};
/* End XCVersionGroup section */
	};
	rootObject = 185E8CA91DB8C32700EF6587 /* Project object */;
}
